
Microsoft Visual Studio Solution File, Format Version 12.00
# Visual Studio Version 16
VisualStudioVersion = 16.0.30711.63
MinimumVisualStudioVersion = 10.0.40219.1
Project("{FAE04EC0-301F-11D3-BF4B-00C04F79EFBC}") = "Test", "Test\Test.csproj", "{F872F2CF-12BE-4919-A3B2-8E99EC550B7E}"
EndProject
Project("{FAE04EC0-301F-11D3-BF4B-00C04F79EFBC}") = "Data", "Data\Data.csproj", "{616BD5E4-09B4-4743-A354-CAA3C7FC9F82}"
EndProject
Project("{FAE04EC0-301F-11D3-BF4B-00C04F79EFBC}") = "Intermediate", "Intermediate\Intermediate.csproj", "{1F372B81-1B25-4A48-817D-638ADD3A8AA1}"
EndProject
Global
	GlobalSection(SolutionConfigurationPlatforms) = preSolution
		Debug|Any CPU = Debug|Any CPU
		Release|Any CPU = Release|Any CPU
	EndGlobalSection
	GlobalSection(ProjectConfigurationPlatforms) = postSolution
		{F872F2CF-12BE-4919-A3B2-8E99EC550B7E}.Debug|Any CPU.ActiveCfg = Debug|Any CPU
		{F872F2CF-12BE-4919-A3B2-8E99EC550B7E}.Debug|Any CPU.Build.0 = Debug|Any CPU
		{F872F2CF-12BE-4919-A3B2-8E99EC550B7E}.Release|Any CPU.ActiveCfg = Release|Any CPU
		{F872F2CF-12BE-4919-A3B2-8E99EC550B7E}.Release|Any CPU.Build.0 = Release|Any CPU
		{616BD5E4-09B4-4743-A354-CAA3C7FC9F82}.Debug|Any CPU.ActiveCfg = Debug|Any CPU
		{616BD5E4-09B4-4743-A354-CAA3C7FC9F82}.Debug|Any CPU.Build.0 = Debug|Any CPU
		{616BD5E4-09B4-4743-A354-CAA3C7FC9F82}.Release|Any CPU.ActiveCfg = Release|Any CPU
		{616BD5E4-09B4-4743-A354-CAA3C7FC9F82}.Release|Any CPU.Build.0 = Release|Any CPU
		{1F372B81-1B25-4A48-817D-638ADD3A8AA1}.Debug|Any CPU.ActiveCfg = Debug|Any CPU
		{1F372B81-1B25-4A48-817D-638ADD3A8AA1}.Debug|Any CPU.Build.0 = Debug|Any CPU
		{1F372B81-1B25-4A48-817D-638ADD3A8AA1}.Release|Any CPU.ActiveCfg = Release|Any CPU
		{1F372B81-1B25-4A48-817D-638ADD3A8AA1}.Release|Any CPU.Build.0 = Release|Any CPU
	EndGlobalSection
	GlobalSection(SolutionProperties) = preSolution
		HideSolutionNode = FALSE
	EndGlobalSection
	GlobalSection(ExtensibilityGlobals) = postSolution
		SolutionGuid = {8C569CEA-9AFF-4B3A-9CDB-C5F492680ECD}
	EndGlobalSection
EndGlobal
